{
  "requires": true,
  "lockfileVersion": 1,
  "dependencies": {
    "samerbuna-frame-print": {
      "version": "1.0.0",
      "resolved": "https://registry.npmjs.org/samerbuna-frame-print/-/samerbuna-frame-print-1.0.0.tgz",
      "integrity": "sha512-CN5sevT4AuOFvInAmoRcwpR6CpAvOKL+yUe/ROMGqqomb6DGSaT1iZXzSw6rt/Qt4GKrCdssgIOHksuKhG31ug=="
    }
  }
}
